// !$*UTF8*$!
{
	archiveVersion = 1;
	classes = {
	};
	objectVersion = 46;
	objects = {

/* Begin PBXBuildFile section */
		D976A52418CF444400C5CF02 /* Foundation.framework in Frameworks */ = {isa = PBXBuildFile; fileRef = D976A52318CF444400C5CF02 /* Foundation.framework */; };
		D976A52618CF444400C5CF02 /* CoreGraphics.framework in Frameworks */ = {isa = PBXBuildFile; fileRef = D976A52518CF444400C5CF02 /* CoreGraphics.framework */; };
		D976A52818CF444400C5CF02 /* UIKit.framework in Frameworks */ = {isa = PBXBuildFile; fileRef = D976A52718CF444400C5CF02 /* UIKit.framework */; };
		D976A52E18CF444400C5CF02 /* InfoPlist.strings in Resources */ = {isa = PBXBuildFile; fileRef = D976A52C18CF444400C5CF02 /* InfoPlist.strings */; };
		D976A53018CF444400C5CF02 /* main.m in Sources */ = {isa = PBXBuildFile; fileRef = D976A52F18CF444400C5CF02 /* main.m */; };
		D976A53418CF444400C5CF02 /* AppDelegate.m in Sources */ = {isa = PBXBuildFile; fileRef = D976A53318CF444400C5CF02 /* AppDelegate.m */; };
		D976A53618CF444400C5CF02 /* Images.xcassets in Resources */ = {isa = PBXBuildFile; fileRef = D976A53518CF444400C5CF02 /* Images.xcassets */; };
		D976A53D18CF444400C5CF02 /* XCTest.framework in Frameworks */ = {isa = PBXBuildFile; fileRef = D976A53C18CF444400C5CF02 /* XCTest.framework */; };
		D976A53E18CF444400C5CF02 /* Foundation.framework in Frameworks */ = {isa = PBXBuildFile; fileRef = D976A52318CF444400C5CF02 /* Foundation.framework */; };
		D976A53F18CF444400C5CF02 /* UIKit.framework in Frameworks */ = {isa = PBXBuildFile; fileRef = D976A52718CF444400C5CF02 /* UIKit.framework */; };
		D976A54718CF444400C5CF02 /* InfoPlist.strings in Resources */ = {isa = PBXBuildFile; fileRef = D976A54518CF444400C5CF02 /* InfoPlist.strings */; };
		D976A54918CF444400C5CF02 /* fr_test1Tests.m in Sources */ = {isa = PBXBuildFile; fileRef = D976A54818CF444400C5CF02 /* fr_test1Tests.m */; };
/* End PBXBuildFile section */

/* Begin PBXContainerItemProxy section */
		D976A54018CF444400C5CF02 /* PBXContainerItemProxy */ = {
			isa = PBXContainerItemProxy;
			containerPortal = D976A51818CF444400C5CF02 /* Project object */;
			proxyType = 1;
			remoteGlobalIDString = D976A51F18CF444400C5CF02;
			remoteInfo = fr.test1;
		};
/* End PBXContainerItemProxy section */

/* Begin PBXFileReference section */
		D976A52018CF444400C5CF02 /* fr.test1.app */ = {isa = PBXFileReference; explicitFileType = wrapper.application; includeInIndex = 0; path = fr.test1.app; sourceTree = BUILT_PRODUCTS_DIR; };
		D976A52318CF444400C5CF02 /* Foundation.framework */ = {isa = PBXFileReference; lastKnownFileType = wrapper.framework; name = Foundation.framework; path = System/Library/Frameworks/Foundation.framework; sourceTree = SDKROOT; };
		D976A52518CF444400C5CF02 /* CoreGraphics.framework */ = {isa = PBXFileReference; lastKnownFileType = wrapper.framework; name = CoreGraphics.framework; path = System/Library/Frameworks/CoreGraphics.framework; sourceTree = SDKROOT; };
		D976A52718CF444400C5CF02 /* UIKit.framework */ = {isa = PBXFileReference; lastKnownFileType = wrapper.framework; name = UIKit.framework; path = System/Library/Frameworks/UIKit.framework; sourceTree = SDKROOT; };
		D976A52B18CF444400C5CF02 /* fr.test1-Info.plist */ = {isa = PBXFileReference; lastKnownFileType = text.plist.xml; path = "fr.test1-Info.plist"; sourceTree = "<group>"; };
		D976A52D18CF444400C5CF02 /* en */ = {isa = PBXFileReference; lastKnownFileType = text.plist.strings; name = en; path = en.lproj/InfoPlist.strings; sourceTree = "<group>"; };
		D976A52F18CF444400C5CF02 /* main.m */ = {isa = PBXFileReference; lastKnownFileType = sourcecode.c.objc; path = main.m; sourceTree = "<group>"; };
		D976A53118CF444400C5CF02 /* fr.test1-Prefix.pch */ = {isa = PBXFileReference; lastKnownFileType = sourcecode.c.h; path = "fr.test1-Prefix.pch"; sourceTree = "<group>"; };
		D976A53218CF444400C5CF02 /* AppDelegate.h */ = {isa = PBXFileReference; lastKnownFileType = sourcecode.c.h; path = AppDelegate.h; sourceTree = "<group>"; };
		D976A53318CF444400C5CF02 /* AppDelegate.m */ = {isa = PBXFileReference; lastKnownFileType = sourcecode.c.objc; path = AppDelegate.m; sourceTree = "<group>"; };
		D976A53518CF444400C5CF02 /* Images.xcassets */ = {isa = PBXFileReference; lastKnownFileType = folder.assetcatalog; path = Images.xcassets; sourceTree = "<group>"; };
		D976A53B18CF444400C5CF02 /* fr.test1Tests.xctest */ = {isa = PBXFileReference; explicitFileType = wrapper.cfbundle; includeInIndex = 0; path = fr.test1Tests.xctest; sourceTree = BUILT_PRODUCTS_DIR; };
		D976A53C18CF444400C5CF02 /* XCTest.framework */ = {isa = PBXFileReference; lastKnownFileType = wrapper.framework; name = XCTest.framework; path = Library/Frameworks/XCTest.framework; sourceTree = DEVELOPER_DIR; };
		D976A54418CF444400C5CF02 /* fr.test1Tests-Info.plist */ = {isa = PBXFileReference; lastKnownFileType = text.plist.xml; path = "fr.test1Tests-Info.plist"; sourceTree = "<group>"; };
		D976A54618CF444400C5CF02 /* en */ = {isa = PBXFileReference; lastKnownFileType = text.plist.strings; name = en; path = en.lproj/InfoPlist.strings; sourceTree = "<group>"; };
		D976A54818CF444400C5CF02 /* fr_test1Tests.m */ = {isa = PBXFileReference; lastKnownFileType = sourcecode.c.objc; path = fr_test1Tests.m; sourceTree = "<group>"; };
/* End PBXFileReference section */

/* Begin PBXFrameworksBuildPhase section */
		D976A51D18CF444400C5CF02 /* Frameworks */ = {
			isa = PBXFrameworksBuildPhase;
			buildActionMask = 2147483647;
			files = (
				D976A52618CF444400C5CF02 /* CoreGraphics.framework in Frameworks */,
				D976A52818CF444400C5CF02 /* UIKit.framework in Frameworks */,
				D976A52418CF444400C5CF02 /* Foundation.framework in Frameworks */,
			);
			runOnlyForDeploymentPostprocessing = 0;
		};
		D976A53818CF444400C5CF02 /* Frameworks */ = {
			isa = PBXFrameworksBuildPhase;
			buildActionMask = 2147483647;
			files = (
				D976A53D18CF444400C5CF02 /* XCTest.framework in Frameworks */,
				D976A53F18CF444400C5CF02 /* UIKit.framework in Frameworks */,
				D976A53E18CF444400C5CF02 /* Foundation.framework in Frameworks */,
			);
			runOnlyForDeploymentPostprocessing = 0;
		};
/* End PBXFrameworksBuildPhase section */

/* Begin PBXGroup section */
		D976A51718CF444400C5CF02 = {
			isa = PBXGroup;
			children = (
				D976A52918CF444400C5CF02 /* fr.test1 */,
				D976A54218CF444400C5CF02 /* fr.test1Tests */,
				D976A52218CF444400C5CF02 /* Frameworks */,
				D976A52118CF444400C5CF02 /* Products */,
			);
			sourceTree = "<group>";
		};
		D976A52118CF444400C5CF02 /* Products */ = {
			isa = PBXGroup;
			children = (
				D976A52018CF444400C5CF02 /* fr.test1.app */,
				D976A53B18CF444400C5CF02 /* fr.test1Tests.xctest */,
			);
			name = Products;
			sourceTree = "<group>";
		};
		D976A52218CF444400C5CF02 /* Frameworks */ = {
			isa = PBXGroup;
			children = (
				D976A52318CF444400C5CF02 /* Foundation.framework */,
				D976A52518CF444400C5CF02 /* CoreGraphics.framework */,
				D976A52718CF444400C5CF02 /* UIKit.framework */,
				D976A53C18CF444400C5CF02 /* XCTest.framework */,
			);
			name = Frameworks;
			sourceTree = "<group>";
		};
		D976A52918CF444400C5CF02 /* fr.test1 */ = {
			isa = PBXGroup;
			children = (
				D976A53218CF444400C5CF02 /* AppDelegate.h */,
				D976A53318CF444400C5CF02 /* AppDelegate.m */,
				D976A53518CF444400C5CF02 /* Images.xcassets */,
				D976A52A18CF444400C5CF02 /* Supporting Files */,
			);
			path = fr.test1;
			sourceTree = "<group>";
		};
		D976A52A18CF444400C5CF02 /* Supporting Files */ = {
			isa = PBXGroup;
			children = (
				D976A52B18CF444400C5CF02 /* fr.test1-Info.plist */,
				D976A52C18CF444400C5CF02 /* InfoPlist.strings */,
				D976A52F18CF444400C5CF02 /* main.m */,
				D976A53118CF444400C5CF02 /* fr.test1-Prefix.pch */,
			);
			name = "Supporting Files";
			sourceTree = "<group>";
		};
		D976A54218CF444400C5CF02 /* fr.test1Tests */ = {
			isa = PBXGroup;
			children = (
				D976A54818CF444400C5CF02 /* fr_test1Tests.m */,
				D976A54318CF444400C5CF02 /* Supporting Files */,
			);
			path = fr.test1Tests;
			sourceTree = "<group>";
		};
		D976A54318CF444400C5CF02 /* Supporting Files */ = {
			isa = PBXGroup;
			children = (
				D976A54418CF444400C5CF02 /* fr.test1Tests-Info.plist */,
				D976A54518CF444400C5CF02 /* InfoPlist.strings */,
			);
			name = "Supporting Files";
			sourceTree = "<group>";
		};
/* End PBXGroup section */

/* Begin PBXNativeTarget section */
		D976A51F18CF444400C5CF02 /* fr.test1 */ = {
			isa = PBXNativeTarget;
			buildConfigurationList = D976A54C18CF444400C5CF02 /* Build configuration list for PBXNativeTarget "fr.test1" */;
			buildPhases = (
				D976A51C18CF444400C5CF02 /* Sources */,
				D976A51D18CF444400C5CF02 /* Frameworks */,
				D976A51E18CF444400C5CF02 /* Resources */,
			);
			buildRules = (
			);
			dependencies = (
			);
			name = fr.test1;
			productName = fr.test1;
			productReference = D976A52018CF444400C5CF02 /* fr.test1.app */;
			productType = "com.apple.product-type.application";
		};
		D976A53A18CF444400C5CF02 /* fr.test1Tests */ = {
			isa = PBXNativeTarget;
			buildConfigurationList = D976A54F18CF444400C5CF02 /* Build configuration list for PBXNativeTarget "fr.test1Tests" */;
			buildPhases = (
				D976A53718CF444400C5CF02 /* Sources */,
				D976A53818CF444400C5CF02 /* Frameworks */,
				D976A53918CF444400C5CF02 /* Resources */,
			);
			buildRules = (
			);
			dependencies = (
				D976A54118CF444400C5CF02 /* PBXTargetDependency */,
			);
			name = fr.test1Tests;
			productName = fr.test1Tests;
			productReference = D976A53B18CF444400C5CF02 /* fr.test1Tests.xctest */;
			productType = "com.apple.product-type.bundle.unit-test";
		};
/* End PBXNativeTarget section */

/* Begin PBXProject section */
		D976A51818CF444400C5CF02 /* Project object */ = {
			isa = PBXProject;
			attributes = {
				LastUpgradeCheck = 0510;
				ORGANIZATIONNAME = "___FULLUSERNAME___";
				TargetAttributes = {
					D976A53A18CF444400C5CF02 = {
						TestTargetID = D976A51F18CF444400C5CF02;
					};
				};
			};
			buildConfigurationList = D976A51B18CF444400C5CF02 /* Build configuration list for PBXProject "fr.test1" */;
			compatibilityVersion = "Xcode 3.2";
			developmentRegion = English;
			hasScannedForEncodings = 0;
			knownRegions = (
				en,
			);
			mainGroup = D976A51718CF444400C5CF02;
			productRefGroup = D976A52118CF444400C5CF02 /* Products */;
			projectDirPath = "";
			projectRoot = "";
			targets = (
				D976A51F18CF444400C5CF02 /* fr.test1 */,
				D976A53A18CF444400C5CF02 /* fr.test1Tests */,
			);
		};
/* End PBXProject section */

/* Begin PBXResourcesBuildPhase section */
		D976A51E18CF444400C5CF02 /* Resources */ = {
			isa = PBXResourcesBuildPhase;
			buildActionMask = 2147483647;
			files = (
				D976A52E18CF444400C5CF02 /* InfoPlist.strings in Resources */,
				D976A53618CF444400C5CF02 /* Images.xcassets in Resources */,
			);
			runOnlyForDeploymentPostprocessing = 0;
		};
		D976A53918CF444400C5CF02 /* Resources */ = {
			isa = PBXResourcesBuildPhase;
			buildActionMask = 2147483647;
			files = (
				D976A54718CF444400C5CF02 /* InfoPlist.strings in Resources */,
			);
			runOnlyForDeploymentPostprocessing = 0;
		};
/* End PBXResourcesBuildPhase section */

/* Begin PBXSourcesBuildPhase section */
		D976A51C18CF444400C5CF02 /* Sources */ = {
			isa = PBXSourcesBuildPhase;
			buildActionMask = 2147483647;
			files = (
				D976A53418CF444400C5CF02 /* AppDelegate.m in Sources */,
				D976A53018CF444400C5CF02 /* main.m in Sources */,
			);
			runOnlyForDeploymentPostprocessing = 0;
		};
		D976A53718CF444400C5CF02 /* Sources */ = {
			isa = PBXSourcesBuildPhase;
			buildActionMask = 2147483647;
			files = (
				D976A54918CF444400C5CF02 /* fr_test1Tests.m in Sources */,
			);
			runOnlyForDeploymentPostprocessing = 0;
		};
/* End PBXSourcesBuildPhase section */

/* Begin PBXTargetDependency section */
		D976A54118CF444400C5CF02 /* PBXTargetDependency */ = {
			isa = PBXTargetDependency;
			target = D976A51F18CF444400C5CF02 /* fr.test1 */;
			targetProxy = D976A54018CF444400C5CF02 /* PBXContainerItemProxy */;
		};
/* End PBXTargetDependency section */

/* Begin PBXVariantGroup section */
		D976A52C18CF444400C5CF02 /* InfoPlist.strings */ = {
			isa = PBXVariantGroup;
			children = (
				D976A52D18CF444400C5CF02 /* en */,
			);
			name = InfoPlist.strings;
			sourceTree = "<group>";
		};
		D976A54518CF444400C5CF02 /* InfoPlist.strings */ = {
			isa = PBXVariantGroup;
			children = (
				D976A54618CF444400C5CF02 /* en */,
			);
			name = InfoPlist.strings;
			sourceTree = "<group>";
		};
/* End PBXVariantGroup section */

/* Begin XCBuildConfiguration section */
		D976A54A18CF444400C5CF02 /* Debug */ = {
			isa = XCBuildConfiguration;
			buildSettings = {
				ALWAYS_SEARCH_USER_PATHS = NO;
				CLANG_CXX_LANGUAGE_STANDARD = "gnu++0x";
				CLANG_CXX_LIBRARY = "libc++";
				CLANG_ENABLE_MODULES = YES;
				CLANG_ENABLE_OBJC_ARC = YES;
				CLANG_WARN_BOOL_CONVERSION = YES;
				CLANG_WARN_CONSTANT_CONVERSION = YES;
				CLANG_WARN_DIRECT_OBJC_ISA_USAGE = YES_ERROR;
				CLANG_WARN_EMPTY_BODY = YES;
				CLANG_WARN_ENUM_CONVERSION = YES;
				CLANG_WARN_INT_CONVERSION = YES;
				CLANG_WARN_OBJC_ROOT_CLASS = YES_ERROR;
				CLANG_WARN__DUPLICATE_METHOD_MATCH = YES;
				"CODE_SIGN_IDENTITY[sdk=iphoneos*]" = "iPhone Developer";
				COPY_PHASE_STRIP = NO;
				GCC_C_LANGUAGE_STANDARD = gnu99;
				GCC_DYNAMIC_NO_PIC = NO;
				GCC_OPTIMIZATION_LEVEL = 0;
				GCC_PREPROCESSOR_DEFINITIONS = (
					"DEBUG=1",
					"$(inherited)",
				);
				GCC_SYMBOLS_PRIVATE_EXTERN = NO;
				GCC_WARN_64_TO_32_BIT_CONVERSION = YES;
				GCC_WARN_ABOUT_RETURN_TYPE = YES_ERROR;
				GCC_WARN_UNDECLARED_SELECTOR = YES;
				GCC_WARN_UNINITIALIZED_AUTOS = YES_AGGRESSIVE;
				GCC_WARN_UNUSED_FUNCTION = YES;
				GCC_WARN_UNUSED_VARIABLE = YES;
				IPHONEOS_DEPLOYMENT_TARGET = 7.1;
				ONLY_ACTIVE_ARCH = YES;
				SDKROOT = iphoneos;
			};
			name = Debug;
		};
		D976A54B18CF444400C5CF02 /* Release */ = {
			isa = XCBuildConfiguration;
			buildSettings = {
				ALWAYS_SEARCH_USER_PATHS = NO;
				CLANG_CXX_LANGUAGE_STANDARD = "gnu++0x";
				CLANG_CXX_LIBRARY = "libc++";
				CLANG_ENABLE_MODULES = YES;
				CLANG_ENABLE_OBJC_ARC = YES;
				CLANG_WARN_BOOL_CONVERSION = YES;
				CLANG_WARN_CONSTANT_CONVERSION = YES;
				CLANG_WARN_DIRECT_OBJC_ISA_USAGE = YES_ERROR;
				CLANG_WARN_EMPTY_BODY = YES;
				CLANG_WARN_ENUM_CONVERSION = YES;
				CLANG_WARN_INT_CONVERSION = YES;
				CLANG_WARN_OBJC_ROOT_CLASS = YES_ERROR;
				CLANG_WARN__DUPLICATE_METHOD_MATCH = YES;
				"CODE_SIGN_IDENTITY[sdk=iphoneos*]" = "iPhone Developer";
				COPY_PHASE_STRIP = YES;
				ENABLE_NS_ASSERTIONS = NO;
				GCC_C_LANGUAGE_STANDARD = gnu99;
				GCC_WARN_64_TO_32_BIT_CONVERSION = YES;
				GCC_WARN_ABOUT_RETURN_TYPE = YES_ERROR;
				GCC_WARN_UNDECLARED_SELECTOR = YES;
				GCC_WARN_UNINITIALIZED_AUTOS = YES_AGGRESSIVE;
				GCC_WARN_UNUSED_FUNCTION = YES;
				GCC_WARN_UNUSED_VARIABLE = YES;
				IPHONEOS_DEPLOYMENT_TARGET = 7.1;
				SDKROOT = iphoneos;
				VALIDATE_PRODUCT = YES;
			};
			name = Release;
		};
		D976A54D18CF444400C5CF02 /* Debug */ = {
			isa = XCBuildConfiguration;
			buildSettings = {
				ASSETCATALOG_COMPILER_APPICON_NAME = AppIcon;
				ASSETCATALOG_COMPILER_LAUNCHIMAGE_NAME = LaunchImage;
				GCC_PRECOMPILE_PREFIX_HEADER = YES;
				GCC_PREFIX_HEADER = "fr.test1/fr.test1-Prefix.pch";
				INFOPLIST_FILE = "fr.test1/fr.test1-Info.plist";
				PRODUCT_NAME = "$(TARGET_NAME)";
				WRAPPER_EXTENSION = app;
			};
			name = Debug;
		};
		D976A54E18CF444400C5CF02 /* Release */ = {
			isa = XCBuildConfiguration;
			buildSettings = {
				ASSETCATALOG_COMPILER_APPICON_NAME = AppIcon;
				ASSETCATALOG_COMPILER_LAUNCHIMAGE_NAME = LaunchImage;
				GCC_PRECOMPILE_PREFIX_HEADER = YES;
				GCC_PREFIX_HEADER = "fr.test1/fr.test1-Prefix.pch";
				INFOPLIST_FILE = "fr.test1/fr.test1-Info.plist";
				PRODUCT_NAME = "$(TARGET_NAME)";
				WRAPPER_EXTENSION = app;
			};
			name = Release;
		};
		D976A55018CF444400C5CF02 /* Debug */ = {
			isa = XCBuildConfiguration;
			buildSettings = {
				BUNDLE_LOADER = "$(BUILT_PRODUCTS_DIR)/fr.test1.app/fr.test1";
				FRAMEWORK_SEARCH_PATHS = (
					"$(SDKROOT)/Developer/Library/Frameworks",
					"$(inherited)",
					"$(DEVELOPER_FRAMEWORKS_DIR)",
				);
				GCC_PRECOMPILE_PREFIX_HEADER = YES;
				GCC_PREFIX_HEADER = "fr.test1/fr.test1-Prefix.pch";
				GCC_PREPROCESSOR_DEFINITIONS = (
					"DEBUG=1",
					"$(inherited)",
				);
				INFOPLIST_FILE = "fr.test1Tests/fr.test1Tests-Info.plist";
				PRODUCT_NAME = "$(TARGET_NAME)";
				TEST_HOST = "$(BUNDLE_LOADER)";
				WRAPPER_EXTENSION = xctest;
			};
			name = Debug;
		};
		D976A55118CF444400C5CF02 /* Release */ = {
			isa = XCBuildConfiguration;
			buildSettings = {
				BUNDLE_LOADER = "$(BUILT_PRODUCTS_DIR)/fr.test1.app/fr.test1";
				FRAMEWORK_SEARCH_PATHS = (
					"$(SDKROOT)/Developer/Library/Frameworks",
					"$(inherited)",
					"$(DEVELOPER_FRAMEWORKS_DIR)",
				);
				GCC_PRECOMPILE_PREFIX_HEADER = YES;
				GCC_PREFIX_HEADER = "fr.test1/fr.test1-Prefix.pch";
				INFOPLIST_FILE = "fr.test1Tests/fr.test1Tests-Info.plist";
				PRODUCT_NAME = "$(TARGET_NAME)";
				TEST_HOST = "$(BUNDLE_LOADER)";
				WRAPPER_EXTENSION = xctest;
			};
			name = Release;
		};
/* End XCBuildConfiguration section */

/* Begin XCConfigurationList section */
		D976A51B18CF444400C5CF02 /* Build configuration list for PBXProject "fr.test1" */ = {
			isa = XCConfigurationList;
			buildConfigurations = (
				D976A54A18CF444400C5CF02 /* Debug */,
				D976A54B18CF444400C5CF02 /* Release */,
			);
			defaultConfigurationIsVisible = 0;
			defaultConfigurationName = Release;
		};
		D976A54C18CF444400C5CF02 /* Build configuration list for PBXNativeTarget "fr.test1" */ = {
			isa = XCConfigurationList;
			buildConfigurations = (
				D976A54D18CF444400C5CF02 /* Debug */,
				D976A54E18CF444400C5CF02 /* Release */,
			);
			defaultConfigurationIsVisible = 0;
		};
		D976A54F18CF444400C5CF02 /* Build configuration list for PBXNativeTarget "fr.test1Tests" */ = {
			isa = XCConfigurationList;
			buildConfigurations = (
				D976A55018CF444400C5CF02 /* Debug */,
				D976A55118CF444400C5CF02 /* Release */,
			);
			defaultConfigurationIsVisible = 0;
		};
/* End XCConfigurationList section */
	};
	rootObject = D976A51818CF444400C5CF02 /* Project object */;
}
